
Microsoft Visual Studio Solution File, Format Version 12.00
# Visual Studio Version 17
VisualStudioVersion = 17.0.31912.275
MinimumVisualStudioVersion = 10.0.40219.1
Project("{9A19103F-16F7-4668-BE54-9A1E7A4F7556}") = "Xswift.MongoDB", "Xswift.MongoDB.csproj", "{4A7F64CF-FC03-4DD5-8D05-C04074376DDC}"
EndProject
Global
	GlobalSection(SolutionConfigurationPlatforms) = preSolution
		Debug|Any CPU = Debug|Any CPU
		Release|Any CPU = Release|Any CPU
	EndGlobalSection
	GlobalSection(ProjectConfigurationPlatforms) = postSolution
		{4A7F64CF-FC03-4DD5-8D05-C04074376DDC}.Debug|Any CPU.ActiveCfg = Debug|Any CPU
		{4A7F64CF-FC03-4DD5-8D05-C04074376DDC}.Debug|Any CPU.Build.0 = Debug|Any CPU
		{4A7F64CF-FC03-4DD5-8D05-C04074376DDC}.Release|Any CPU.ActiveCfg = Release|Any CPU
		{4A7F64CF-FC03-4DD5-8D05-C04074376DDC}.Release|Any CPU.Build.0 = Release|Any CPU
	EndGlobalSection
	GlobalSection(SolutionProperties) = preSolution
		HideSolutionNode = FALSE
	EndGlobalSection
	GlobalSection(ExtensibilityGlobals) = postSolution
		SolutionGuid = {17274BF8-2414-432B-8CB2-641D15C801CA}
	EndGlobalSection
EndGlobal
