
Microsoft Visual Studio Solution File, Format Version 12.00
# Visual Studio Version 17
VisualStudioVersion = 17.0.31912.275
MinimumVisualStudioVersion = 10.0.40219.1
Project("{9A19103F-16F7-4668-BE54-9A1E7A4F7556}") = "Xswift.MongoDB", "src\Xswift.MongoDB.csproj", "{AAAF8123-EADD-4574-87F4-0637C31EF756}"
EndProject
Project("{9A19103F-16F7-4668-BE54-9A1E7A4F7556}") = "Xswift.MongoDB.Test", "test\Xswift.MongoDB.Test.csproj", "{9E4C0C92-5B52-4161-9C11-58A3478740AD}"
EndProject
Global
	GlobalSection(SolutionConfigurationPlatforms) = preSolution
		Debug|Any CPU = Debug|Any CPU
		Release|Any CPU = Release|Any CPU
	EndGlobalSection
	GlobalSection(ProjectConfigurationPlatforms) = postSolution
		{AAAF8123-EADD-4574-87F4-0637C31EF756}.Debug|Any CPU.ActiveCfg = Debug|Any CPU
		{AAAF8123-EADD-4574-87F4-0637C31EF756}.Debug|Any CPU.Build.0 = Debug|Any CPU
		{AAAF8123-EADD-4574-87F4-0637C31EF756}.Release|Any CPU.ActiveCfg = Release|Any CPU
		{AAAF8123-EADD-4574-87F4-0637C31EF756}.Release|Any CPU.Build.0 = Release|Any CPU
		{9E4C0C92-5B52-4161-9C11-58A3478740AD}.Debug|Any CPU.ActiveCfg = Debug|Any CPU
		{9E4C0C92-5B52-4161-9C11-58A3478740AD}.Debug|Any CPU.Build.0 = Debug|Any CPU
		{9E4C0C92-5B52-4161-9C11-58A3478740AD}.Release|Any CPU.ActiveCfg = Release|Any CPU
		{9E4C0C92-5B52-4161-9C11-58A3478740AD}.Release|Any CPU.Build.0 = Release|Any CPU
	EndGlobalSection
	GlobalSection(SolutionProperties) = preSolution
		HideSolutionNode = FALSE
	EndGlobalSection
	GlobalSection(ExtensibilityGlobals) = postSolution
		SolutionGuid = {17274BF8-2414-432B-8CB2-641D15C801CA}
	EndGlobalSection
EndGlobal
